
Microsoft Visual Studio Solution File, Format Version 12.00
# Visual Studio Version 16
VisualStudioVersion = 16.0.30406.217
MinimumVisualStudioVersion = 10.0.40219.1
Project("{FAE04EC0-301F-11D3-BF4B-00C04F79EFBC}") = "BlazorWASM.Server", "BlazorWASM\Server\BlazorWASM.Server.csproj", "{B2EE1098-F0C9-4BD6-83FB-684FF09188A6}"
EndProject
Project("{FAE04EC0-301F-11D3-BF4B-00C04F79EFBC}") = "BlazorWASM.Client", "BlazorWASM\Client\BlazorWASM.Client.csproj", "{3030A0D1-D26B-47B5-A97E-696206DE4DCE}"
EndProject
Project("{FAE04EC0-301F-11D3-BF4B-00C04F79EFBC}") = "BlazorWASM.Shared", "BlazorWASM\Shared\BlazorWASM.Shared.csproj", "{F9646601-690D-4C5F-B61D-457F68FD4E7B}"
EndProject
Global
	GlobalSection(SolutionConfigurationPlatforms) = preSolution
		Debug|Any CPU = Debug|Any CPU
		Release|Any CPU = Release|Any CPU
	EndGlobalSection
	GlobalSection(ProjectConfigurationPlatforms) = postSolution
		{B2EE1098-F0C9-4BD6-83FB-684FF09188A6}.Debug|Any CPU.ActiveCfg = Debug|Any CPU
		{B2EE1098-F0C9-4BD6-83FB-684FF09188A6}.Debug|Any CPU.Build.0 = Debug|Any CPU
		{B2EE1098-F0C9-4BD6-83FB-684FF09188A6}.Release|Any CPU.ActiveCfg = Release|Any CPU
		{B2EE1098-F0C9-4BD6-83FB-684FF09188A6}.Release|Any CPU.Build.0 = Release|Any CPU
		{3030A0D1-D26B-47B5-A97E-696206DE4DCE}.Debug|Any CPU.ActiveCfg = Debug|Any CPU
		{3030A0D1-D26B-47B5-A97E-696206DE4DCE}.Debug|Any CPU.Build.0 = Debug|Any CPU
		{3030A0D1-D26B-47B5-A97E-696206DE4DCE}.Release|Any CPU.ActiveCfg = Release|Any CPU
		{3030A0D1-D26B-47B5-A97E-696206DE4DCE}.Release|Any CPU.Build.0 = Release|Any CPU
		{F9646601-690D-4C5F-B61D-457F68FD4E7B}.Debug|Any CPU.ActiveCfg = Debug|Any CPU
		{F9646601-690D-4C5F-B61D-457F68FD4E7B}.Debug|Any CPU.Build.0 = Debug|Any CPU
		{F9646601-690D-4C5F-B61D-457F68FD4E7B}.Release|Any CPU.ActiveCfg = Release|Any CPU
		{F9646601-690D-4C5F-B61D-457F68FD4E7B}.Release|Any CPU.Build.0 = Release|Any CPU
	EndGlobalSection
	GlobalSection(SolutionProperties) = preSolution
		HideSolutionNode = FALSE
	EndGlobalSection
	GlobalSection(ExtensibilityGlobals) = postSolution
		SolutionGuid = {07F78A6C-1506-472A-950A-5FF6F7D055EC}
	EndGlobalSection
EndGlobal
